
Microsoft Visual Studio Solution File, Format Version 12.00
# Visual Studio 15
VisualStudioVersion = 15.0.27703.1
MinimumVisualStudioVersion = 10.0.40219.1
Project("{FAE04EC0-301F-11D3-BF4B-00C04F79EFBC}") = "MaxBiblioteca", "MaxBiblioteca\MaxBiblioteca.csproj", "{09EBD30E-E5CD-433F-B177-C78B273C291A}"
EndProject
Global
	GlobalSection(SolutionConfigurationPlatforms) = preSolution
		Debug|Any CPU = Debug|Any CPU
		Release|Any CPU = Release|Any CPU
	EndGlobalSection
	GlobalSection(ProjectConfigurationPlatforms) = postSolution
		{09EBD30E-E5CD-433F-B177-C78B273C291A}.Debug|Any CPU.ActiveCfg = Debug|Any CPU
		{09EBD30E-E5CD-433F-B177-C78B273C291A}.Debug|Any CPU.Build.0 = Debug|Any CPU
		{09EBD30E-E5CD-433F-B177-C78B273C291A}.Release|Any CPU.ActiveCfg = Release|Any CPU
		{09EBD30E-E5CD-433F-B177-C78B273C291A}.Release|Any CPU.Build.0 = Release|Any CPU
	EndGlobalSection
	GlobalSection(SolutionProperties) = preSolution
		HideSolutionNode = FALSE
	EndGlobalSection
	GlobalSection(ExtensibilityGlobals) = postSolution
		SolutionGuid = {CB5C0041-F270-4E28-8047-1CF9FD7CFB25}
	EndGlobalSection
EndGlobal
